
Microsoft Visual Studio Solution File, Format Version 12.00
# Visual Studio Version 17
VisualStudioVersion = 17.0.32014.148
MinimumVisualStudioVersion = 10.0.40219.1
Project("{FAE04EC0-301F-11D3-BF4B-00C04F79EFBC}") = "Projeto DIO 01", "Projeto DIO 01\Projeto DIO 01.csproj", "{379064CA-A3CE-4203-9554-84A0AAE84DD3}"
EndProject
Global
	GlobalSection(SolutionConfigurationPlatforms) = preSolution
		Debug|Any CPU = Debug|Any CPU
		Release|Any CPU = Release|Any CPU
	EndGlobalSection
	GlobalSection(ProjectConfigurationPlatforms) = postSolution
		{379064CA-A3CE-4203-9554-84A0AAE84DD3}.Debug|Any CPU.ActiveCfg = Debug|Any CPU
		{379064CA-A3CE-4203-9554-84A0AAE84DD3}.Debug|Any CPU.Build.0 = Debug|Any CPU
		{379064CA-A3CE-4203-9554-84A0AAE84DD3}.Release|Any CPU.ActiveCfg = Release|Any CPU
		{379064CA-A3CE-4203-9554-84A0AAE84DD3}.Release|Any CPU.Build.0 = Release|Any CPU
	EndGlobalSection
	GlobalSection(SolutionProperties) = preSolution
		HideSolutionNode = FALSE
	EndGlobalSection
	GlobalSection(ExtensibilityGlobals) = postSolution
		SolutionGuid = {AE11C696-AFEF-48B0-9CC4-3C24060927A6}
	EndGlobalSection
EndGlobal
